
Microsoft Visual Studio Solution File, Format Version 12.00
# Visual Studio 2012
Project("{FAE04EC0-301F-11D3-BF4B-00C04F79EFBC}") = "Fundgrid.MVC", "Fundgrid.MVC\Fundgrid.MVC.csproj", "{9186CE7D-CC43-4F36-894D-9F3F970BF3C1}"
EndProject
Project("{FAE04EC0-301F-11D3-BF4B-00C04F79EFBC}") = "FundGrid.Tests", "FundGrid.Tests\FundGrid.Tests.csproj", "{55FC8418-F1EF-411F-849B-699DF3F1B58F}"
EndProject
Project("{FAE04EC0-301F-11D3-BF4B-00C04F79EFBC}") = "FunGrid.Domain", "FunGrid.Domain\FunGrid.Domain.csproj", "{574D4BD8-B62D-46F7-88F8-94AA60F1C6EA}"
EndProject
Project("{FAE04EC0-301F-11D3-BF4B-00C04F79EFBC}") = "FundGrid.Repository", "FundGrid.Repository\FundGrid.Repository.csproj", "{7BE3C84D-57C5-4A15-8927-5C3FC03B25D9}"
EndProject
Project("{FAE04EC0-301F-11D3-BF4B-00C04F79EFBC}") = "Fundgrid.Data", "Fundgrid.Data\Fundgrid.Data.csproj", "{4C185630-6016-4052-B9A6-C5249C6767D7}"
EndProject
Global
	GlobalSection(SolutionConfigurationPlatforms) = preSolution
		Debug|Any CPU = Debug|Any CPU
		Release|Any CPU = Release|Any CPU
	EndGlobalSection
	GlobalSection(ProjectConfigurationPlatforms) = postSolution
		{9186CE7D-CC43-4F36-894D-9F3F970BF3C1}.Debug|Any CPU.ActiveCfg = Debug|Any CPU
		{9186CE7D-CC43-4F36-894D-9F3F970BF3C1}.Debug|Any CPU.Build.0 = Debug|Any CPU
		{9186CE7D-CC43-4F36-894D-9F3F970BF3C1}.Release|Any CPU.ActiveCfg = Release|Any CPU
		{9186CE7D-CC43-4F36-894D-9F3F970BF3C1}.Release|Any CPU.Build.0 = Release|Any CPU
		{55FC8418-F1EF-411F-849B-699DF3F1B58F}.Debug|Any CPU.ActiveCfg = Debug|Any CPU
		{55FC8418-F1EF-411F-849B-699DF3F1B58F}.Debug|Any CPU.Build.0 = Debug|Any CPU
		{55FC8418-F1EF-411F-849B-699DF3F1B58F}.Release|Any CPU.ActiveCfg = Release|Any CPU
		{55FC8418-F1EF-411F-849B-699DF3F1B58F}.Release|Any CPU.Build.0 = Release|Any CPU
		{574D4BD8-B62D-46F7-88F8-94AA60F1C6EA}.Debug|Any CPU.ActiveCfg = Debug|Any CPU
		{574D4BD8-B62D-46F7-88F8-94AA60F1C6EA}.Debug|Any CPU.Build.0 = Debug|Any CPU
		{574D4BD8-B62D-46F7-88F8-94AA60F1C6EA}.Release|Any CPU.ActiveCfg = Release|Any CPU
		{574D4BD8-B62D-46F7-88F8-94AA60F1C6EA}.Release|Any CPU.Build.0 = Release|Any CPU
		{7BE3C84D-57C5-4A15-8927-5C3FC03B25D9}.Debug|Any CPU.ActiveCfg = Debug|Any CPU
		{7BE3C84D-57C5-4A15-8927-5C3FC03B25D9}.Debug|Any CPU.Build.0 = Debug|Any CPU
		{7BE3C84D-57C5-4A15-8927-5C3FC03B25D9}.Release|Any CPU.ActiveCfg = Release|Any CPU
		{7BE3C84D-57C5-4A15-8927-5C3FC03B25D9}.Release|Any CPU.Build.0 = Release|Any CPU
		{4C185630-6016-4052-B9A6-C5249C6767D7}.Debug|Any CPU.ActiveCfg = Debug|Any CPU
		{4C185630-6016-4052-B9A6-C5249C6767D7}.Debug|Any CPU.Build.0 = Debug|Any CPU
		{4C185630-6016-4052-B9A6-C5249C6767D7}.Release|Any CPU.ActiveCfg = Release|Any CPU
		{4C185630-6016-4052-B9A6-C5249C6767D7}.Release|Any CPU.Build.0 = Release|Any CPU
	EndGlobalSection
	GlobalSection(SolutionProperties) = preSolution
		HideSolutionNode = FALSE
	EndGlobalSection
EndGlobal
